# This file was autogenerated by Stack.
# You should not edit this file by hand.
# For more information, please see the documentation at:
#   https://docs.haskellstack.org/en/stable/lock_files

packages:
- completed:
    name: numhask
    version: 0.6.0
    git: https://github.com/tonyday567/numhask
    pantry-tree:
      size: 2003
      sha256: e87197f2a03d212b2b0958e16368827795d2f4cfd06890a9023834e9fc171f16
    commit: 1dcb82dc7e503605bac193c64fe82c1b35ca9fcd
  original:
    git: https://github.com/tonyday567/numhask
    commit: 1dcb82dc7e503605bac193c64fe82c1b35ca9fcd
snapshots:
- completed:
    size: 503181
    url: https://raw.githubusercontent.com/commercialhaskell/stackage-snapshots/master/nightly/2020/6/25.yaml
    sha256: 96e98363790e62f4498da632069a03101cf588b3b47925e707f080cff4b6cfbb
  original: nightly-2020-06-25
