# This file was autogenerated by Stack.
# You should not edit this file by hand.
# For more information, please see the documentation at:
#   https://docs.haskellstack.org/en/stable/lock_files

packages:
- completed:
    hackage: numhask-0.6.0@sha256:f272b77dde4b598dd3af2fd12a2bf7abb3c296295ebc3fafefa628ee6726be39,1621
    pantry-tree:
      size: 1656
      sha256: 9f6c30b5217b3e8b32cec46ae8b2b2831a84949b4be3c714fe571077cf4a6542
  original:
    hackage: numhask-0.6.0
snapshots:
- completed:
    size: 503181
    url: https://raw.githubusercontent.com/commercialhaskell/stackage-snapshots/master/nightly/2020/6/25.yaml
    sha256: 96e98363790e62f4498da632069a03101cf588b3b47925e707f080cff4b6cfbb
  original: nightly-2020-06-25
